
Microsoft Visual Studio Solution File, Format Version 12.00
# Visual Studio Version 17
VisualStudioVersion = 17.14.36518.9 d17.14
MinimumVisualStudioVersion = 10.0.40219.1
Project("{FAE04EC0-301F-11D3-BF4B-00C04F79EFBC}") = "VPAssignment02(Final)", "VPAssignment02(Final).csproj", "{B0833559-1290-AB75-8F20-BB249F4A3ADB}"
EndProject
Global
	GlobalSection(SolutionConfigurationPlatforms) = preSolution
		Debug|Any CPU = Debug|Any CPU
		Release|Any CPU = Release|Any CPU
	EndGlobalSection
	GlobalSection(ProjectConfigurationPlatforms) = postSolution
		{B0833559-1290-AB75-8F20-BB249F4A3ADB}.Debug|Any CPU.ActiveCfg = Debug|Any CPU
		{B0833559-1290-AB75-8F20-BB249F4A3ADB}.Debug|Any CPU.Build.0 = Debug|Any CPU
		{B0833559-1290-AB75-8F20-BB249F4A3ADB}.Release|Any CPU.ActiveCfg = Release|Any CPU
		{B0833559-1290-AB75-8F20-BB249F4A3ADB}.Release|Any CPU.Build.0 = Release|Any CPU
	EndGlobalSection
	GlobalSection(SolutionProperties) = preSolution
		HideSolutionNode = FALSE
	EndGlobalSection
	GlobalSection(ExtensibilityGlobals) = postSolution
		SolutionGuid = {6453B326-E974-4D25-9C60-D7927A88E368}
	EndGlobalSection
EndGlobal
